
Microsoft Visual Studio Solution File, Format Version 12.00
# Visual Studio Version 17
VisualStudioVersion = 17.14.36518.9 d17.14
MinimumVisualStudioVersion = 10.0.40219.1
Project("{FAE04EC0-301F-11D3-BF4B-00C04F79EFBC}") = "HotelBooking", "HotelBooking.csproj", "{885AD3AB-2159-D8C1-E75C-729395E8EF3A}"
EndProject
Project("{FAE04EC0-301F-11D3-BF4B-00C04F79EFBC}") = "HotelBooking.Desktop", "..\HotelBooking.Desktop\HotelBooking.Desktop.csproj", "{3E26BE88-7E3C-785D-CF91-9F7EC5EB10DC}"
EndProject
Global
	GlobalSection(SolutionConfigurationPlatforms) = preSolution
		Debug|Any CPU = Debug|Any CPU
		Release|Any CPU = Release|Any CPU
	EndGlobalSection
	GlobalSection(ProjectConfigurationPlatforms) = postSolution
		{885AD3AB-2159-D8C1-E75C-729395E8EF3A}.Debug|Any CPU.ActiveCfg = Debug|Any CPU
		{885AD3AB-2159-D8C1-E75C-729395E8EF3A}.Debug|Any CPU.Build.0 = Debug|Any CPU
		{885AD3AB-2159-D8C1-E75C-729395E8EF3A}.Release|Any CPU.ActiveCfg = Release|Any CPU
		{885AD3AB-2159-D8C1-E75C-729395E8EF3A}.Release|Any CPU.Build.0 = Release|Any CPU
		{3E26BE88-7E3C-785D-CF91-9F7EC5EB10DC}.Debug|Any CPU.ActiveCfg = Debug|Any CPU
		{3E26BE88-7E3C-785D-CF91-9F7EC5EB10DC}.Debug|Any CPU.Build.0 = Debug|Any CPU
		{3E26BE88-7E3C-785D-CF91-9F7EC5EB10DC}.Release|Any CPU.ActiveCfg = Release|Any CPU
		{3E26BE88-7E3C-785D-CF91-9F7EC5EB10DC}.Release|Any CPU.Build.0 = Release|Any CPU
	EndGlobalSection
	GlobalSection(SolutionProperties) = preSolution
		HideSolutionNode = FALSE
	EndGlobalSection
	GlobalSection(ExtensibilityGlobals) = postSolution
		SolutionGuid = {0C7554D7-111E-4CD5-9172-2BE8FFF92E53}
	EndGlobalSection
EndGlobal
